<?xml version="1.0" encoding="utf-8"?>
<Project ToolsVersion="4.0" xmlns="http://schemas.microsoft.com/developer/msbuild/2003">
  <ItemGroup>
    <ClCompile Include="main.cpp" />
    <ClCompile Include="Ping.cpp">
      <Filter>Service</Filter>
    </ClCompile>
    <ClCompile Include="Utils.cpp" />
  </ItemGroup>
  <ItemGroup>
    <Filter Include="Service">
      <UniqueIdentifier>{beb0f0af-d240-4d28-b33d-c61001c40e12}</UniqueIdentifier>
    </Filter>
  </ItemGroup>
  <ItemGroup>
    <ClInclude Include="Ping.h">
      <Filter>Service</Filter>
    </ClInclude>
    <ClInclude Include="Utils.h" />
  </ItemGroup>
</Project>